
Microsoft Visual Studio Solution File, Format Version 12.00
# Visual Studio Version 17
VisualStudioVersion = 17.0.31903.59
MinimumVisualStudioVersion = 10.0.40219.1
Project("{FAE04EC0-301F-11D3-BF4B-00C04F79EFBC}") = "FinnHubData.API", "src\FinnHubData\FinnHubData.API.csproj", "{0150EA1A-3E73-4DB6-9041-E3C6617CD596}"
EndProject
Global
	GlobalSection(SolutionConfigurationPlatforms) = preSolution
		Debug|Any CPU = Debug|Any CPU
		Release|Any CPU = Release|Any CPU
	EndGlobalSection
	GlobalSection(SolutionProperties) = preSolution
		HideSolutionNode = FALSE
	EndGlobalSection
	GlobalSection(ProjectConfigurationPlatforms) = postSolution
		{0150EA1A-3E73-4DB6-9041-E3C6617CD596}.Debug|Any CPU.ActiveCfg = Debug|Any CPU
		{0150EA1A-3E73-4DB6-9041-E3C6617CD596}.Debug|Any CPU.Build.0 = Debug|Any CPU
		{0150EA1A-3E73-4DB6-9041-E3C6617CD596}.Release|Any CPU.ActiveCfg = Release|Any CPU
		{0150EA1A-3E73-4DB6-9041-E3C6617CD596}.Release|Any CPU.Build.0 = Release|Any CPU
	EndGlobalSection
	GlobalSection(NestedProjects) = preSolution
		{0150EA1A-3E73-4DB6-9041-E3C6617CD596} = {D3A1E870-9C15-412A-A1D7-0CA5D147F4D3}
	EndGlobalSection
EndGlobal
